// !$*UTF8*$!
{
	archiveVersion = 1;
	classes = {
	};
	objectVersion = 46;
	objects = {

/* Begin PBXBuildFile section */
		A66C1A589ECA6EFACE4083A4 /* Pods_MovieViewer.framework in Frameworks */ = {isa = PBXBuildFile; fileRef = AC17B23CC228980A88F03E51 /* Pods_MovieViewer.framework */; };
		B73CE5E41C69651000DDAFE7 /* DetailViewController.swift in Sources */ = {isa = PBXBuildFile; fileRef = B73CE5E31C69651000DDAFE7 /* DetailViewController.swift */; };
		B7A075341C594610004676A2 /* AppDelegate.swift in Sources */ = {isa = PBXBuildFile; fileRef = B7A075331C594610004676A2 /* AppDelegate.swift */; };
		B7A075391C594610004676A2 /* Main.storyboard in Resources */ = {isa = PBXBuildFile; fileRef = B7A075371C594610004676A2 /* Main.storyboard */; };
		B7A0753B1C594610004676A2 /* Assets.xcassets in Resources */ = {isa = PBXBuildFile; fileRef = B7A0753A1C594610004676A2 /* Assets.xcassets */; };
		B7A0753E1C594610004676A2 /* LaunchScreen.storyboard in Resources */ = {isa = PBXBuildFile; fileRef = B7A0753C1C594610004676A2 /* LaunchScreen.storyboard */; };
		B7E9E0D21C5947F600506197 /* MoviesViewController.swift in Sources */ = {isa = PBXBuildFile; fileRef = B7E9E0D11C5947F600506197 /* MoviesViewController.swift */; };
		B7E9E0D51C597DBC00506197 /* MovieCell.swift in Sources */ = {isa = PBXBuildFile; fileRef = B7E9E0D41C597DBC00506197 /* MovieCell.swift */; };
/* End PBXBuildFile section */

/* Begin PBXFileReference section */
		7C19AC052405FA8AA89BF584 /* Pods-MovieViewer.release.xcconfig */ = {isa = PBXFileReference; includeInIndex = 1; lastKnownFileType = text.xcconfig; name = "Pods-MovieViewer.release.xcconfig"; path = "Pods/Target Support Files/Pods-MovieViewer/Pods-MovieViewer.release.xcconfig"; sourceTree = "<group>"; };
		AC17B23CC228980A88F03E51 /* Pods_MovieViewer.framework */ = {isa = PBXFileReference; explicitFileType = wrapper.framework; includeInIndex = 0; path = Pods_MovieViewer.framework; sourceTree = BUILT_PRODUCTS_DIR; };
		B73CE5E31C69651000DDAFE7 /* DetailViewController.swift */ = {isa = PBXFileReference; fileEncoding = 4; lastKnownFileType = sourcecode.swift; path = DetailViewController.swift; sourceTree = "<group>"; };
		B7A075301C594610004676A2 /* MovieViewer.app */ = {isa = PBXFileReference; explicitFileType = wrapper.application; includeInIndex = 0; path = MovieViewer.app; sourceTree = BUILT_PRODUCTS_DIR; };
		B7A075331C594610004676A2 /* AppDelegate.swift */ = {isa = PBXFileReference; lastKnownFileType = sourcecode.swift; path = AppDelegate.swift; sourceTree = "<group>"; };
		B7A075381C594610004676A2 /* Base */ = {isa = PBXFileReference; lastKnownFileType = file.storyboard; name = Base; path = Base.lproj/Main.storyboard; sourceTree = "<group>"; };
		B7A0753A1C594610004676A2 /* Assets.xcassets */ = {isa = PBXFileReference; lastKnownFileType = folder.assetcatalog; path = Assets.xcassets; sourceTree = "<group>"; };
		B7A0753D1C594610004676A2 /* Base */ = {isa = PBXFileReference; lastKnownFileType = file.storyboard; name = Base; path = Base.lproj/LaunchScreen.storyboard; sourceTree = "<group>"; };
		B7A0753F1C594610004676A2 /* Info.plist */ = {isa = PBXFileReference; lastKnownFileType = text.plist.xml; path = Info.plist; sourceTree = "<group>"; };
		B7E9E0D11C5947F600506197 /* MoviesViewController.swift */ = {isa = PBXFileReference; fileEncoding = 4; lastKnownFileType = sourcecode.swift; path = MoviesViewController.swift; sourceTree = "<group>"; };
		B7E9E0D41C597DBC00506197 /* MovieCell.swift */ = {isa = PBXFileReference; fileEncoding = 4; lastKnownFileType = sourcecode.swift; path = MovieCell.swift; sourceTree = "<group>"; };
		CED6F480A210A63B8B77A7C1 /* Pods-MovieViewer.debug.xcconfig */ = {isa = PBXFileReference; includeInIndex = 1; lastKnownFileType = text.xcconfig; name = "Pods-MovieViewer.debug.xcconfig"; path = "Pods/Target Support Files/Pods-MovieViewer/Pods-MovieViewer.debug.xcconfig"; sourceTree = "<group>"; };
/* End PBXFileReference section */

/* Begin PBXFrameworksBuildPhase section */
		B7A0752D1C594610004676A2 /* Frameworks */ = {
			isa = PBXFrameworksBuildPhase;
			buildActionMask = 2147483647;
			files = (
				A66C1A589ECA6EFACE4083A4 /* Pods_MovieViewer.framework in Frameworks */,
			);
			runOnlyForDeploymentPostprocessing = 0;
		};
/* End PBXFrameworksBuildPhase section */

/* Begin PBXGroup section */
		B7A075271C594610004676A2 = {
			isa = PBXGroup;
			children = (
				B7A075321C594610004676A2 /* MovieViewer */,
				B7A075311C594610004676A2 /* Products */,
				DAE83C621804E2434ADC7556 /* Pods */,
				F31DBC0B5CB8C45264F32820 /* Frameworks */,
			);
			sourceTree = "<group>";
		};
		B7A075311C594610004676A2 /* Products */ = {
			isa = PBXGroup;
			children = (
				B7A075301C594610004676A2 /* MovieViewer.app */,
			);
			name = Products;
			sourceTree = "<group>";
		};
		B7A075321C594610004676A2 /* MovieViewer */ = {
			isa = PBXGroup;
			children = (
				B7E9E0D61C597DD500506197 /* view controllers */,
				B7E9E0D31C597D6100506197 /* Views */,
				B7A075331C594610004676A2 /* AppDelegate.swift */,
				B7A075371C594610004676A2 /* Main.storyboard */,
				B7A0753A1C594610004676A2 /* Assets.xcassets */,
				B7A0753C1C594610004676A2 /* LaunchScreen.storyboard */,
				B7A0753F1C594610004676A2 /* Info.plist */,
			);
			path = MovieViewer;
			sourceTree = "<group>";
		};
		B7E9E0D31C597D6100506197 /* Views */ = {
			isa = PBXGroup;
			children = (
				B7E9E0D41C597DBC00506197 /* MovieCell.swift */,
			);
			name = Views;
			sourceTree = "<group>";
		};
		B7E9E0D61C597DD500506197 /* view controllers */ = {
			isa = PBXGroup;
			children = (
				B7E9E0D11C5947F600506197 /* MoviesViewController.swift */,
				B73CE5E31C69651000DDAFE7 /* DetailViewController.swift */,
			);
			name = "view controllers";
			sourceTree = "<group>";
		};
		DAE83C621804E2434ADC7556 /* Pods */ = {
			isa = PBXGroup;
			children = (
				CED6F480A210A63B8B77A7C1 /* Pods-MovieViewer.debug.xcconfig */,
				7C19AC052405FA8AA89BF584 /* Pods-MovieViewer.release.xcconfig */,
			);
			name = Pods;
			sourceTree = "<group>";
		};
		F31DBC0B5CB8C45264F32820 /* Frameworks */ = {
			isa = PBXGroup;
			children = (
				AC17B23CC228980A88F03E51 /* Pods_MovieViewer.framework */,
			);
			name = Frameworks;
			sourceTree = "<group>";
		};
/* End PBXGroup section */

/* Begin PBXNativeTarget section */
		B7A0752F1C594610004676A2 /* MovieViewer */ = {
			isa = PBXNativeTarget;
			buildConfigurationList = B7A075421C594610004676A2 /* Build configuration list for PBXNativeTarget "MovieViewer" */;
			buildPhases = (
				23677CF3783F8CD589295D00 /* Check Pods Manifest.lock */,
				B7A0752C1C594610004676A2 /* Sources */,
				B7A0752D1C594610004676A2 /* Frameworks */,
				B7A0752E1C594610004676A2 /* Resources */,
				4F82D6AB4BB578088D66E92E /* Embed Pods Frameworks */,
				0A23F67133C87D0FCB090C6B /* Copy Pods Resources */,
			);
			buildRules = (
			);
			dependencies = (
			);
			name = MovieViewer;
			productName = MovieViewer;
			productReference = B7A075301C594610004676A2 /* MovieViewer.app */;
			productType = "com.apple.product-type.application";
		};
/* End PBXNativeTarget section */

/* Begin PBXProject section */
		B7A075281C594610004676A2 /* Project object */ = {
			isa = PBXProject;
			attributes = {
				LastSwiftUpdateCheck = 0720;
				LastUpgradeCheck = 0720;
				ORGANIZATIONNAME = "Xiaoxi Zhang";
				TargetAttributes = {
					B7A0752F1C594610004676A2 = {
						CreatedOnToolsVersion = 7.2;
					};
				};
			};
			buildConfigurationList = B7A0752B1C594610004676A2 /* Build configuration list for PBXProject "MovieViewer" */;
			compatibilityVersion = "Xcode 3.2";
			developmentRegion = English;
			hasScannedForEncodings = 0;
			knownRegions = (
				en,
				Base,
			);
			mainGroup = B7A075271C594610004676A2;
			productRefGroup = B7A075311C594610004676A2 /* Products */;
			projectDirPath = "";
			projectRoot = "";
			targets = (
				B7A0752F1C594610004676A2 /* MovieViewer */,
			);
		};
/* End PBXProject section */

/* Begin PBXResourcesBuildPhase section */
		B7A0752E1C594610004676A2 /* Resources */ = {
			isa = PBXResourcesBuildPhase;
			buildActionMask = 2147483647;
			files = (
				B7A0753E1C594610004676A2 /* LaunchScreen.storyboard in Resources */,
				B7A0753B1C594610004676A2 /* Assets.xcassets in Resources */,
				B7A075391C594610004676A2 /* Main.storyboard in Resources */,
			);
			runOnlyForDeploymentPostprocessing = 0;
		};
/* End PBXResourcesBuildPhase section */

/* Begin PBXShellScriptBuildPhase section */
		0A23F67133C87D0FCB090C6B /* Copy Pods Resources */ = {
			isa = PBXShellScriptBuildPhase;
			buildActionMask = 2147483647;
			files = (
			);
			inputPaths = (
			);
			name = "Copy Pods Resources";
			outputPaths = (
			);
			runOnlyForDeploymentPostprocessing = 0;
			shellPath = /bin/sh;
			shellScript = "\"${SRCROOT}/Pods/Target Support Files/Pods-MovieViewer/Pods-MovieViewer-resources.sh\"\n";
			showEnvVarsInLog = 0;
		};
		23677CF3783F8CD589295D00 /* Check Pods Manifest.lock */ = {
			isa = PBXShellScriptBuildPhase;
			buildActionMask = 2147483647;
			files = (
			);
			inputPaths = (
			);
			name = "Check Pods Manifest.lock";
			outputPaths = (
			);
			runOnlyForDeploymentPostprocessing = 0;
			shellPath = /bin/sh;
			shellScript = "diff \"${PODS_ROOT}/../Podfile.lock\" \"${PODS_ROOT}/Manifest.lock\" > /dev/null\nif [[ $? != 0 ]] ; then\n    cat << EOM\nerror: The sandbox is not in sync with the Podfile.lock. Run 'pod install' or update your CocoaPods installation.\nEOM\n    exit 1\nfi\n";
			showEnvVarsInLog = 0;
		};
		4F82D6AB4BB578088D66E92E /* Embed Pods Frameworks */ = {
			isa = PBXShellScriptBuildPhase;
			buildActionMask = 2147483647;
			files = (
			);
			inputPaths = (
			);
			name = "Embed Pods Frameworks";
			outputPaths = (
			);
			runOnlyForDeploymentPostprocessing = 0;
			shellPath = /bin/sh;
			shellScript = "\"${SRCROOT}/Pods/Target Support Files/Pods-MovieViewer/Pods-MovieViewer-frameworks.sh\"\n";
			showEnvVarsInLog = 0;
		};
/* End PBXShellScriptBuildPhase section */

/* Begin PBXSourcesBuildPhase section */
		B7A0752C1C594610004676A2 /* Sources */ = {
			isa = PBXSourcesBuildPhase;
			buildActionMask = 2147483647;
			files = (
				B7A075341C594610004676A2 /* AppDelegate.swift in Sources */,
				B7E9E0D21C5947F600506197 /* MoviesViewController.swift in Sources */,
				B7E9E0D51C597DBC00506197 /* MovieCell.swift in Sources */,
				B73CE5E41C69651000DDAFE7 /* DetailViewController.swift in Sources */,
			);
			runOnlyForDeploymentPostprocessing = 0;
		};
/* End PBXSourcesBuildPhase section */

/* Begin PBXVariantGroup section */
		B7A075371C594610004676A2 /* Main.storyboard */ = {
			isa = PBXVariantGroup;
			children = (
				B7A075381C594610004676A2 /* Base */,
			);
			name = Main.storyboard;
			sourceTree = "<group>";
		};
		B7A0753C1C594610004676A2 /* LaunchScreen.storyboard */ = {
			isa = PBXVariantGroup;
			children = (
				B7A0753D1C594610004676A2 /* Base */,
			);
			name = LaunchScreen.storyboard;
			sourceTree = "<group>";
		};
/* End PBXVariantGroup section */

/* Begin XCBuildConfiguration section */
		B7A075401C594610004676A2 /* Debug */ = {
			isa = XCBuildConfiguration;
			buildSettings = {
				ALWAYS_SEARCH_USER_PATHS = NO;
				CLANG_CXX_LANGUAGE_STANDARD = "gnu++0x";
				CLANG_CXX_LIBRARY = "libc++";
				CLANG_ENABLE_MODULES = YES;
				CLANG_ENABLE_OBJC_ARC = YES;
				CLANG_WARN_BOOL_CONVERSION = YES;
				CLANG_WARN_CONSTANT_CONVERSION = YES;
				CLANG_WARN_DIRECT_OBJC_ISA_USAGE = YES_ERROR;
				CLANG_WARN_EMPTY_BODY = YES;
				CLANG_WARN_ENUM_CONVERSION = YES;
				CLANG_WARN_INT_CONVERSION = YES;
				CLANG_WARN_OBJC_ROOT_CLASS = YES_ERROR;
				CLANG_WARN_UNREACHABLE_CODE = YES;
				CLANG_WARN__DUPLICATE_METHOD_MATCH = YES;
				"CODE_SIGN_IDENTITY[sdk=iphoneos*]" = "iPhone Developer";
				COPY_PHASE_STRIP = NO;
				DEBUG_INFORMATION_FORMAT = dwarf;
				ENABLE_STRICT_OBJC_MSGSEND = YES;
				ENABLE_TESTABILITY = YES;
				GCC_C_LANGUAGE_STANDARD = gnu99;
				GCC_DYNAMIC_NO_PIC = NO;
				GCC_NO_COMMON_BLOCKS = YES;
				GCC_OPTIMIZATION_LEVEL = 0;
				GCC_PREPROCESSOR_DEFINITIONS = (
					"DEBUG=1",
					"$(inherited)",
				);
				GCC_WARN_64_TO_32_BIT_CONVERSION = YES;
				GCC_WARN_ABOUT_RETURN_TYPE = YES_ERROR;
				GCC_WARN_UNDECLARED_SELECTOR = YES;
				GCC_WARN_UNINITIALIZED_AUTOS = YES_AGGRESSIVE;
				GCC_WARN_UNUSED_FUNCTION = YES;
				GCC_WARN_UNUSED_VARIABLE = YES;
				IPHONEOS_DEPLOYMENT_TARGET = 9.2;
				MTL_ENABLE_DEBUG_INFO = YES;
				ONLY_ACTIVE_ARCH = YES;
				SDKROOT = iphoneos;
				SWIFT_OPTIMIZATION_LEVEL = "-Onone";
			};
			name = Debug;
		};
		B7A075411C594610004676A2 /* Release */ = {
			isa = XCBuildConfiguration;
			buildSettings = {
				ALWAYS_SEARCH_USER_PATHS = NO;
				CLANG_CXX_LANGUAGE_STANDARD = "gnu++0x";
				CLANG_CXX_LIBRARY = "libc++";
				CLANG_ENABLE_MODULES = YES;
				CLANG_ENABLE_OBJC_ARC = YES;
				CLANG_WARN_BOOL_CONVERSION = YES;
				CLANG_WARN_CONSTANT_CONVERSION = YES;
				CLANG_WARN_DIRECT_OBJC_ISA_USAGE = YES_ERROR;
				CLANG_WARN_EMPTY_BODY = YES;
				CLANG_WARN_ENUM_CONVERSION = YES;
				CLANG_WARN_INT_CONVERSION = YES;
				CLANG_WARN_OBJC_ROOT_CLASS = YES_ERROR;
				CLANG_WARN_UNREACHABLE_CODE = YES;
				CLANG_WARN__DUPLICATE_METHOD_MATCH = YES;
				"CODE_SIGN_IDENTITY[sdk=iphoneos*]" = "iPhone Developer";
				COPY_PHASE_STRIP = NO;
				DEBUG_INFORMATION_FORMAT = "dwarf-with-dsym";
				ENABLE_NS_ASSERTIONS = NO;
				ENABLE_STRICT_OBJC_MSGSEND = YES;
				GCC_C_LANGUAGE_STANDARD = gnu99;
				GCC_NO_COMMON_BLOCKS = YES;
				GCC_WARN_64_TO_32_BIT_CONVERSION = YES;
				GCC_WARN_ABOUT_RETURN_TYPE = YES_ERROR;
				GCC_WARN_UNDECLARED_SELECTOR = YES;
				GCC_WARN_UNINITIALIZED_AUTOS = YES_AGGRESSIVE;
				GCC_WARN_UNUSED_FUNCTION = YES;
				GCC_WARN_UNUSED_VARIABLE = YES;
				IPHONEOS_DEPLOYMENT_TARGET = 9.2;
				MTL_ENABLE_DEBUG_INFO = NO;
				SDKROOT = iphoneos;
				VALIDATE_PRODUCT = YES;
			};
			name = Release;
		};
		B7A075431C594610004676A2 /* Debug */ = {
			isa = XCBuildConfiguration;
			baseConfigurationReference = CED6F480A210A63B8B77A7C1 /* Pods-MovieViewer.debug.xcconfig */;
			buildSettings = {
				ASSETCATALOG_COMPILER_APPICON_NAME = AppIcon;
				INFOPLIST_FILE = MovieViewer/Info.plist;
				LD_RUNPATH_SEARCH_PATHS = "$(inherited) @executable_path/Frameworks";
				PRODUCT_BUNDLE_IDENTIFIER = testcode.MovieViewer;
				PRODUCT_NAME = "$(TARGET_NAME)";
			};
			name = Debug;
		};
		B7A075441C594610004676A2 /* Release */ = {
			isa = XCBuildConfiguration;
			baseConfigurationReference = 7C19AC052405FA8AA89BF584 /* Pods-MovieViewer.release.xcconfig */;
			buildSettings = {
				ASSETCATALOG_COMPILER_APPICON_NAME = AppIcon;
				INFOPLIST_FILE = MovieViewer/Info.plist;
				LD_RUNPATH_SEARCH_PATHS = "$(inherited) @executable_path/Frameworks";
				PRODUCT_BUNDLE_IDENTIFIER = testcode.MovieViewer;
				PRODUCT_NAME = "$(TARGET_NAME)";
			};
			name = Release;
		};
/* End XCBuildConfiguration section */

/* Begin XCConfigurationList section */
		B7A0752B1C594610004676A2 /* Build configuration list for PBXProject "MovieViewer" */ = {
			isa = XCConfigurationList;
			buildConfigurations = (
				B7A075401C594610004676A2 /* Debug */,
				B7A075411C594610004676A2 /* Release */,
			);
			defaultConfigurationIsVisible = 0;
			defaultConfigurationName = Release;
		};
		B7A075421C594610004676A2 /* Build configuration list for PBXNativeTarget "MovieViewer" */ = {
			isa = XCConfigurationList;
			buildConfigurations = (
				B7A075431C594610004676A2 /* Debug */,
				B7A075441C594610004676A2 /* Release */,
			);
			defaultConfigurationIsVisible = 0;
			defaultConfigurationName = Release;
		};
/* End XCConfigurationList section */
	};
	rootObject = B7A075281C594610004676A2 /* Project object */;
}
